
Microsoft Visual Studio Solution File, Format Version 12.00
# Visual Studio Version 17
VisualStudioVersion = 17.14.36511.14 d17.14
MinimumVisualStudioVersion = 10.0.40219.1
Project("{FAE04EC0-301F-11D3-BF4B-00C04F79EFBC}") = "HOT3", "HOT3\HOT3.csproj", "{AE10065A-8CA4-4E73-B222-DC71CF56375D}"
EndProject
Global
	GlobalSection(SolutionConfigurationPlatforms) = preSolution
		Debug|Any CPU = Debug|Any CPU
		Release|Any CPU = Release|Any CPU
	EndGlobalSection
	GlobalSection(ProjectConfigurationPlatforms) = postSolution
		{AE10065A-8CA4-4E73-B222-DC71CF56375D}.Debug|Any CPU.ActiveCfg = Debug|Any CPU
		{AE10065A-8CA4-4E73-B222-DC71CF56375D}.Debug|Any CPU.Build.0 = Debug|Any CPU
		{AE10065A-8CA4-4E73-B222-DC71CF56375D}.Release|Any CPU.ActiveCfg = Release|Any CPU
		{AE10065A-8CA4-4E73-B222-DC71CF56375D}.Release|Any CPU.Build.0 = Release|Any CPU
	EndGlobalSection
	GlobalSection(SolutionProperties) = preSolution
		HideSolutionNode = FALSE
	EndGlobalSection
	GlobalSection(ExtensibilityGlobals) = postSolution
		SolutionGuid = {B6E9E8A7-D1B2-4FE5-ADF4-5E723B8C3B10}
	EndGlobalSection
EndGlobal
