
Microsoft Visual Studio Solution File, Format Version 12.00
# Visual Studio Version 17
VisualStudioVersion = 17.14.36511.14 d17.14
MinimumVisualStudioVersion = 10.0.40219.1
Project("{FAE04EC0-301F-11D3-BF4B-00C04F79EFBC}") = "FAQs1", "FAQs1\FAQs1.csproj", "{65D69A3D-0878-4D2A-8223-EE346D18AB81}"
EndProject
Global
	GlobalSection(SolutionConfigurationPlatforms) = preSolution
		Debug|Any CPU = Debug|Any CPU
		Release|Any CPU = Release|Any CPU
	EndGlobalSection
	GlobalSection(ProjectConfigurationPlatforms) = postSolution
		{65D69A3D-0878-4D2A-8223-EE346D18AB81}.Debug|Any CPU.ActiveCfg = Debug|Any CPU
		{65D69A3D-0878-4D2A-8223-EE346D18AB81}.Debug|Any CPU.Build.0 = Debug|Any CPU
		{65D69A3D-0878-4D2A-8223-EE346D18AB81}.Release|Any CPU.ActiveCfg = Release|Any CPU
		{65D69A3D-0878-4D2A-8223-EE346D18AB81}.Release|Any CPU.Build.0 = Release|Any CPU
	EndGlobalSection
	GlobalSection(SolutionProperties) = preSolution
		HideSolutionNode = FALSE
	EndGlobalSection
	GlobalSection(ExtensibilityGlobals) = postSolution
		SolutionGuid = {0033E554-0FB1-452D-9E0F-4DB134DFCB63}
	EndGlobalSection
EndGlobal
