
Microsoft Visual Studio Solution File, Format Version 12.00
# Visual Studio Version 17
VisualStudioVersion = 17.13.35931.197 d17.13
MinimumVisualStudioVersion = 10.0.40219.1
Project("{FAE04EC0-301F-11D3-BF4B-00C04F79EFBC}") = "Project1", "Project1\Project1.csproj", "{BD0C2B0D-9301-458A-B510-EB8901FB1FC4}"
EndProject
Project("{FAE04EC0-301F-11D3-BF4B-00C04F79EFBC}") = "Project2", "Project2\Project2.csproj", "{B94B1360-CEE2-46A3-8ACB-8E5154B6F25C}"
EndProject
Project("{FAE04EC0-301F-11D3-BF4B-00C04F79EFBC}") = "Project3", "Project3\Project3.csproj", "{C9173686-E20B-447A-8B2B-AD53F03D2490}"
EndProject
Project("{FAE04EC0-301F-11D3-BF4B-00C04F79EFBC}") = "Project4", "Project4\Project4.csproj", "{564C46A7-48EB-4E32-848C-CE12F09A9E42}"
EndProject
Global
	GlobalSection(SolutionConfigurationPlatforms) = preSolution
		Debug|Any CPU = Debug|Any CPU
		Release|Any CPU = Release|Any CPU
	EndGlobalSection
	GlobalSection(ProjectConfigurationPlatforms) = postSolution
		{BD0C2B0D-9301-458A-B510-EB8901FB1FC4}.Debug|Any CPU.ActiveCfg = Debug|Any CPU
		{BD0C2B0D-9301-458A-B510-EB8901FB1FC4}.Debug|Any CPU.Build.0 = Debug|Any CPU
		{BD0C2B0D-9301-458A-B510-EB8901FB1FC4}.Release|Any CPU.ActiveCfg = Release|Any CPU
		{BD0C2B0D-9301-458A-B510-EB8901FB1FC4}.Release|Any CPU.Build.0 = Release|Any CPU
		{B94B1360-CEE2-46A3-8ACB-8E5154B6F25C}.Debug|Any CPU.ActiveCfg = Debug|Any CPU
		{B94B1360-CEE2-46A3-8ACB-8E5154B6F25C}.Debug|Any CPU.Build.0 = Debug|Any CPU
		{B94B1360-CEE2-46A3-8ACB-8E5154B6F25C}.Release|Any CPU.ActiveCfg = Release|Any CPU
		{B94B1360-CEE2-46A3-8ACB-8E5154B6F25C}.Release|Any CPU.Build.0 = Release|Any CPU
		{C9173686-E20B-447A-8B2B-AD53F03D2490}.Debug|Any CPU.ActiveCfg = Debug|Any CPU
		{C9173686-E20B-447A-8B2B-AD53F03D2490}.Debug|Any CPU.Build.0 = Debug|Any CPU
		{C9173686-E20B-447A-8B2B-AD53F03D2490}.Release|Any CPU.ActiveCfg = Release|Any CPU
		{C9173686-E20B-447A-8B2B-AD53F03D2490}.Release|Any CPU.Build.0 = Release|Any CPU
		{564C46A7-48EB-4E32-848C-CE12F09A9E42}.Debug|Any CPU.ActiveCfg = Debug|Any CPU
		{564C46A7-48EB-4E32-848C-CE12F09A9E42}.Debug|Any CPU.Build.0 = Debug|Any CPU
		{564C46A7-48EB-4E32-848C-CE12F09A9E42}.Release|Any CPU.ActiveCfg = Release|Any CPU
		{564C46A7-48EB-4E32-848C-CE12F09A9E42}.Release|Any CPU.Build.0 = Release|Any CPU
	EndGlobalSection
	GlobalSection(SolutionProperties) = preSolution
		HideSolutionNode = FALSE
	EndGlobalSection
	GlobalSection(ExtensibilityGlobals) = postSolution
		SolutionGuid = {27BB76A8-E176-41F1-A680-161581CC6A27}
	EndGlobalSection
EndGlobal
